
Microsoft Visual Studio Solution File, Format Version 12.00
# Visual Studio Version 16
VisualStudioVersion = 16.0.30225.117
MinimumVisualStudioVersion = 10.0.40219.1
Project("{FAE04EC0-301F-11D3-BF4B-00C04F79EFBC}") = "Directions Reductions", "Directions Reductions.csproj", "{EF41EBCD-BFA2-49D2-8E3A-C4007A07F39A}"
EndProject
Project("{FAE04EC0-301F-11D3-BF4B-00C04F79EFBC}") = "DirectionsReductionsLibrary", "..\DirectionsReductionsLibrary\DirectionsReductionsLibrary.csproj", "{50638751-0F5D-45DC-8BB4-D192385B723B}"
EndProject
Global
	GlobalSection(SolutionConfigurationPlatforms) = preSolution
		Debug|Any CPU = Debug|Any CPU
		Release|Any CPU = Release|Any CPU
	EndGlobalSection
	GlobalSection(ProjectConfigurationPlatforms) = postSolution
		{EF41EBCD-BFA2-49D2-8E3A-C4007A07F39A}.Debug|Any CPU.ActiveCfg = Debug|Any CPU
		{EF41EBCD-BFA2-49D2-8E3A-C4007A07F39A}.Debug|Any CPU.Build.0 = Debug|Any CPU
		{EF41EBCD-BFA2-49D2-8E3A-C4007A07F39A}.Release|Any CPU.ActiveCfg = Release|Any CPU
		{EF41EBCD-BFA2-49D2-8E3A-C4007A07F39A}.Release|Any CPU.Build.0 = Release|Any CPU
		{50638751-0F5D-45DC-8BB4-D192385B723B}.Debug|Any CPU.ActiveCfg = Debug|Any CPU
		{50638751-0F5D-45DC-8BB4-D192385B723B}.Debug|Any CPU.Build.0 = Debug|Any CPU
		{50638751-0F5D-45DC-8BB4-D192385B723B}.Release|Any CPU.ActiveCfg = Release|Any CPU
		{50638751-0F5D-45DC-8BB4-D192385B723B}.Release|Any CPU.Build.0 = Release|Any CPU
	EndGlobalSection
	GlobalSection(SolutionProperties) = preSolution
		HideSolutionNode = FALSE
	EndGlobalSection
	GlobalSection(ExtensibilityGlobals) = postSolution
		SolutionGuid = {EBFC4C78-EF67-4772-BCD6-FE86F62EB3E7}
	EndGlobalSection
EndGlobal
